
Microsoft Visual Studio Solution File, Format Version 12.00
# Visual Studio 14
VisualStudioVersion = 14.0.25420.1
MinimumVisualStudioVersion = 10.0.40219.1
Project("{8BC9CEB8-8B4A-11D0-8D11-00A0C91BC942}") = "InvertNegCUDA", "InvertNegCUDA\InvertNegCUDA.vcxproj", "{603B9037-FFED-4B8A-88E0-CB8E4810C3D4}"
EndProject
Project("{8BC9CEB8-8B4A-11D0-8D11-00A0C91BC942}") = "KPerf", "KPerf\KPerf.vcxproj", "{9CADD479-3779-4E7A-8F68-7AC91C91BE0A}"
EndProject
Project("{8BC9CEB8-8B4A-11D0-8D11-00A0C91BC942}") = "KTGMC", "KTGMC\KTGMC.vcxproj", "{9EC2BA4B-EA05-4242-84DA-7A6239DD2691}"
EndProject
Project("{8BC9CEB8-8B4A-11D0-8D11-00A0C91BC942}") = "KFM", "KFM\KFM.vcxproj", "{24CEA66A-DCE2-46FE-9E62-882CFEC40157}"
EndProject
Project("{8BC9CEB8-8B4A-11D0-8D11-00A0C91BC942}") = "KTGMCTest", "KTGMCTest\KTGMCTest.vcxproj", "{2C860B36-4C57-4FFB-896E-DA151F124F2B}"
	ProjectSection(ProjectDependencies) = postProject
		{9EC2BA4B-EA05-4242-84DA-7A6239DD2691} = {9EC2BA4B-EA05-4242-84DA-7A6239DD2691}
	EndProjectSection
EndProject
Global
	GlobalSection(Performance) = preSolution
		HasPerformanceSessions = true
	EndGlobalSection
	GlobalSection(SolutionConfigurationPlatforms) = preSolution
		Debug|Mixed Platforms = Debug|Mixed Platforms
		Debug|Win32 = Debug|Win32
		Debug|x64 = Debug|x64
		Release|Mixed Platforms = Release|Mixed Platforms
		Release|Win32 = Release|Win32
		Release|x64 = Release|x64
	EndGlobalSection
	GlobalSection(ProjectConfigurationPlatforms) = postSolution
		{603B9037-FFED-4B8A-88E0-CB8E4810C3D4}.Debug|Mixed Platforms.ActiveCfg = Debug|Win32
		{603B9037-FFED-4B8A-88E0-CB8E4810C3D4}.Debug|Mixed Platforms.Build.0 = Debug|Win32
		{603B9037-FFED-4B8A-88E0-CB8E4810C3D4}.Debug|Win32.ActiveCfg = Debug|Win32
		{603B9037-FFED-4B8A-88E0-CB8E4810C3D4}.Debug|Win32.Build.0 = Debug|Win32
		{603B9037-FFED-4B8A-88E0-CB8E4810C3D4}.Debug|x64.ActiveCfg = Debug|x64
		{603B9037-FFED-4B8A-88E0-CB8E4810C3D4}.Debug|x64.Build.0 = Debug|x64
		{603B9037-FFED-4B8A-88E0-CB8E4810C3D4}.Release|Mixed Platforms.ActiveCfg = Release|Win32
		{603B9037-FFED-4B8A-88E0-CB8E4810C3D4}.Release|Mixed Platforms.Build.0 = Release|Win32
		{603B9037-FFED-4B8A-88E0-CB8E4810C3D4}.Release|Win32.ActiveCfg = Release|Win32
		{603B9037-FFED-4B8A-88E0-CB8E4810C3D4}.Release|Win32.Build.0 = Release|Win32
		{603B9037-FFED-4B8A-88E0-CB8E4810C3D4}.Release|x64.ActiveCfg = Release|x64
		{603B9037-FFED-4B8A-88E0-CB8E4810C3D4}.Release|x64.Build.0 = Release|x64
		{9CADD479-3779-4E7A-8F68-7AC91C91BE0A}.Debug|Mixed Platforms.ActiveCfg = Debug|Win32
		{9CADD479-3779-4E7A-8F68-7AC91C91BE0A}.Debug|Mixed Platforms.Build.0 = Debug|Win32
		{9CADD479-3779-4E7A-8F68-7AC91C91BE0A}.Debug|Win32.ActiveCfg = Debug|Win32
		{9CADD479-3779-4E7A-8F68-7AC91C91BE0A}.Debug|Win32.Build.0 = Debug|Win32
		{9CADD479-3779-4E7A-8F68-7AC91C91BE0A}.Debug|x64.ActiveCfg = Debug|x64
		{9CADD479-3779-4E7A-8F68-7AC91C91BE0A}.Debug|x64.Build.0 = Debug|x64
		{9CADD479-3779-4E7A-8F68-7AC91C91BE0A}.Release|Mixed Platforms.ActiveCfg = Release|Win32
		{9CADD479-3779-4E7A-8F68-7AC91C91BE0A}.Release|Mixed Platforms.Build.0 = Release|Win32
		{9CADD479-3779-4E7A-8F68-7AC91C91BE0A}.Release|Win32.ActiveCfg = Release|Win32
		{9CADD479-3779-4E7A-8F68-7AC91C91BE0A}.Release|Win32.Build.0 = Release|Win32
		{9CADD479-3779-4E7A-8F68-7AC91C91BE0A}.Release|x64.ActiveCfg = Release|x64
		{9CADD479-3779-4E7A-8F68-7AC91C91BE0A}.Release|x64.Build.0 = Release|x64
		{9EC2BA4B-EA05-4242-84DA-7A6239DD2691}.Debug|Mixed Platforms.ActiveCfg = Debug|Win32
		{9EC2BA4B-EA05-4242-84DA-7A6239DD2691}.Debug|Mixed Platforms.Build.0 = Debug|Win32
		{9EC2BA4B-EA05-4242-84DA-7A6239DD2691}.Debug|Win32.ActiveCfg = Debug|Win32
		{9EC2BA4B-EA05-4242-84DA-7A6239DD2691}.Debug|Win32.Build.0 = Debug|Win32
		{9EC2BA4B-EA05-4242-84DA-7A6239DD2691}.Debug|x64.ActiveCfg = Debug|x64
		{9EC2BA4B-EA05-4242-84DA-7A6239DD2691}.Debug|x64.Build.0 = Debug|x64
		{9EC2BA4B-EA05-4242-84DA-7A6239DD2691}.Release|Mixed Platforms.ActiveCfg = Release|Win32
		{9EC2BA4B-EA05-4242-84DA-7A6239DD2691}.Release|Mixed Platforms.Build.0 = Release|Win32
		{9EC2BA4B-EA05-4242-84DA-7A6239DD2691}.Release|Win32.ActiveCfg = Release|Win32
		{9EC2BA4B-EA05-4242-84DA-7A6239DD2691}.Release|Win32.Build.0 = Release|Win32
		{9EC2BA4B-EA05-4242-84DA-7A6239DD2691}.Release|x64.ActiveCfg = Release|x64
		{9EC2BA4B-EA05-4242-84DA-7A6239DD2691}.Release|x64.Build.0 = Release|x64
		{24CEA66A-DCE2-46FE-9E62-882CFEC40157}.Debug|Mixed Platforms.ActiveCfg = Debug|Win32
		{24CEA66A-DCE2-46FE-9E62-882CFEC40157}.Debug|Mixed Platforms.Build.0 = Debug|Win32
		{24CEA66A-DCE2-46FE-9E62-882CFEC40157}.Debug|Win32.ActiveCfg = Debug|Win32
		{24CEA66A-DCE2-46FE-9E62-882CFEC40157}.Debug|Win32.Build.0 = Debug|Win32
		{24CEA66A-DCE2-46FE-9E62-882CFEC40157}.Debug|x64.ActiveCfg = Debug|x64
		{24CEA66A-DCE2-46FE-9E62-882CFEC40157}.Debug|x64.Build.0 = Debug|x64
		{24CEA66A-DCE2-46FE-9E62-882CFEC40157}.Release|Mixed Platforms.ActiveCfg = Release|Win32
		{24CEA66A-DCE2-46FE-9E62-882CFEC40157}.Release|Mixed Platforms.Build.0 = Release|Win32
		{24CEA66A-DCE2-46FE-9E62-882CFEC40157}.Release|Win32.ActiveCfg = Release|Win32
		{24CEA66A-DCE2-46FE-9E62-882CFEC40157}.Release|Win32.Build.0 = Release|Win32
		{24CEA66A-DCE2-46FE-9E62-882CFEC40157}.Release|x64.ActiveCfg = Release|x64
		{24CEA66A-DCE2-46FE-9E62-882CFEC40157}.Release|x64.Build.0 = Release|x64
		{2C860B36-4C57-4FFB-896E-DA151F124F2B}.Debug|Mixed Platforms.ActiveCfg = Debug|Win32
		{2C860B36-4C57-4FFB-896E-DA151F124F2B}.Debug|Mixed Platforms.Build.0 = Debug|Win32
		{2C860B36-4C57-4FFB-896E-DA151F124F2B}.Debug|Win32.ActiveCfg = Debug|Win32
		{2C860B36-4C57-4FFB-896E-DA151F124F2B}.Debug|Win32.Build.0 = Debug|Win32
		{2C860B36-4C57-4FFB-896E-DA151F124F2B}.Debug|x64.ActiveCfg = Debug|x64
		{2C860B36-4C57-4FFB-896E-DA151F124F2B}.Debug|x64.Build.0 = Debug|x64
		{2C860B36-4C57-4FFB-896E-DA151F124F2B}.Release|Mixed Platforms.ActiveCfg = Release|Win32
		{2C860B36-4C57-4FFB-896E-DA151F124F2B}.Release|Mixed Platforms.Build.0 = Release|Win32
		{2C860B36-4C57-4FFB-896E-DA151F124F2B}.Release|Win32.ActiveCfg = Release|Win32
		{2C860B36-4C57-4FFB-896E-DA151F124F2B}.Release|Win32.Build.0 = Release|Win32
		{2C860B36-4C57-4FFB-896E-DA151F124F2B}.Release|x64.ActiveCfg = Release|x64
		{2C860B36-4C57-4FFB-896E-DA151F124F2B}.Release|x64.Build.0 = Release|x64
	EndGlobalSection
	GlobalSection(SolutionProperties) = preSolution
		HideSolutionNode = FALSE
	EndGlobalSection
EndGlobal
