
Microsoft Visual Studio Solution File, Format Version 12.00
# Visual Studio 14
VisualStudioVersion = 14.0.25420.1
MinimumVisualStudioVersion = 10.0.40219.1
Project("{8BC9CEB8-8B4A-11D0-8D11-00A0C91BC942}") = "KTGMC", "KTGMC\KTGMC.vcxproj", "{9EC2BA4B-EA05-4242-84DA-7A6239DD2691}"
EndProject
Project("{8BC9CEB8-8B4A-11D0-8D11-00A0C91BC942}") = "KFM", "KFM\KFM.vcxproj", "{24CEA66A-DCE2-46FE-9E62-882CFEC40157}"
EndProject
Project("{8BC9CEB8-8B4A-11D0-8D11-00A0C91BC942}") = "KTGMCTest", "KTGMCTest\KTGMCTest.vcxproj", "{2C860B36-4C57-4FFB-896E-DA151F124F2B}"
	ProjectSection(ProjectDependencies) = postProject
		{9EC2BA4B-EA05-4242-84DA-7A6239DD2691} = {9EC2BA4B-EA05-4242-84DA-7A6239DD2691}
		{24CEA66A-DCE2-46FE-9E62-882CFEC40157} = {24CEA66A-DCE2-46FE-9E62-882CFEC40157}
		{284B1696-BB8E-4BA8-8A86-F906AE939003} = {284B1696-BB8E-4BA8-8A86-F906AE939003}
		{185396D8-57BD-4DDF-8CD3-26035EA50DB9} = {185396D8-57BD-4DDF-8CD3-26035EA50DB9}
		{4C34FFE0-A481-4C0D-AB55-96712FF5CEE3} = {4C34FFE0-A481-4C0D-AB55-96712FF5CEE3}
	EndProjectSection
EndProject
Project("{8BC9CEB8-8B4A-11D0-8D11-00A0C91BC942}") = "KDebugTool", "KDebugTool\KDebugTool.vcxproj", "{284B1696-BB8E-4BA8-8A86-F906AE939003}"
EndProject
Project("{8BC9CEB8-8B4A-11D0-8D11-00A0C91BC942}") = "KUtil", "KUtil\KUtil.vcxproj", "{0BF2DD24-5AB4-4483-9D10-DF9BCCEE2392}"
EndProject
Project("{8BC9CEB8-8B4A-11D0-8D11-00A0C91BC942}") = "KNNEDI3", "nnedi3\nnedi3\nnedi3.vcxproj", "{03456684-151D-49B2-BA66-037255A57811}"
EndProject
Project("{8BC9CEB8-8B4A-11D0-8D11-00A0C91BC942}") = "MaskTools", "masktools\masktools\build\masktools.vcxproj", "{185396D8-57BD-4DDF-8CD3-26035EA50DB9}"
EndProject
Project("{8BC9CEB8-8B4A-11D0-8D11-00A0C91BC942}") = "MaskToolsCommon", "masktools\common\build\common.vcxproj", "{DBFBE277-5B8D-4258-B522-13146FD1E722}"
EndProject
Project("{8BC9CEB8-8B4A-11D0-8D11-00A0C91BC942}") = "AvsCUDA", "AvsCUDA\AvsCUDA.vcxproj", "{4C34FFE0-A481-4C0D-AB55-96712FF5CEE3}"
EndProject
Project("{8BC9CEB8-8B4A-11D0-8D11-00A0C91BC942}") = "GRunT", "GRunT\GRunT.vcxproj", "{4BBAC080-5E3C-46D6-93CC-6B1AD929822A}"
EndProject
Global
	GlobalSection(Performance) = preSolution
		HasPerformanceSessions = true
	EndGlobalSection
	GlobalSection(SolutionConfigurationPlatforms) = preSolution
		Debug|Win32 = Debug|Win32
		Debug|x64 = Debug|x64
		Release|Win32 = Release|Win32
		Release|x64 = Release|x64
	EndGlobalSection
	GlobalSection(ProjectConfigurationPlatforms) = postSolution
		{9EC2BA4B-EA05-4242-84DA-7A6239DD2691}.Debug|Win32.ActiveCfg = Debug|Win32
		{9EC2BA4B-EA05-4242-84DA-7A6239DD2691}.Debug|Win32.Build.0 = Debug|Win32
		{9EC2BA4B-EA05-4242-84DA-7A6239DD2691}.Debug|x64.ActiveCfg = Debug|x64
		{9EC2BA4B-EA05-4242-84DA-7A6239DD2691}.Debug|x64.Build.0 = Debug|x64
		{9EC2BA4B-EA05-4242-84DA-7A6239DD2691}.Release|Win32.ActiveCfg = Release|Win32
		{9EC2BA4B-EA05-4242-84DA-7A6239DD2691}.Release|Win32.Build.0 = Release|Win32
		{9EC2BA4B-EA05-4242-84DA-7A6239DD2691}.Release|x64.ActiveCfg = Release|x64
		{9EC2BA4B-EA05-4242-84DA-7A6239DD2691}.Release|x64.Build.0 = Release|x64
		{24CEA66A-DCE2-46FE-9E62-882CFEC40157}.Debug|Win32.ActiveCfg = Debug|Win32
		{24CEA66A-DCE2-46FE-9E62-882CFEC40157}.Debug|Win32.Build.0 = Debug|Win32
		{24CEA66A-DCE2-46FE-9E62-882CFEC40157}.Debug|x64.ActiveCfg = Debug|x64
		{24CEA66A-DCE2-46FE-9E62-882CFEC40157}.Debug|x64.Build.0 = Debug|x64
		{24CEA66A-DCE2-46FE-9E62-882CFEC40157}.Release|Win32.ActiveCfg = Release|Win32
		{24CEA66A-DCE2-46FE-9E62-882CFEC40157}.Release|Win32.Build.0 = Release|Win32
		{24CEA66A-DCE2-46FE-9E62-882CFEC40157}.Release|x64.ActiveCfg = Release|x64
		{24CEA66A-DCE2-46FE-9E62-882CFEC40157}.Release|x64.Build.0 = Release|x64
		{2C860B36-4C57-4FFB-896E-DA151F124F2B}.Debug|Win32.ActiveCfg = Debug|Win32
		{2C860B36-4C57-4FFB-896E-DA151F124F2B}.Debug|Win32.Build.0 = Debug|Win32
		{2C860B36-4C57-4FFB-896E-DA151F124F2B}.Debug|x64.ActiveCfg = Debug|x64
		{2C860B36-4C57-4FFB-896E-DA151F124F2B}.Debug|x64.Build.0 = Debug|x64
		{2C860B36-4C57-4FFB-896E-DA151F124F2B}.Release|Win32.ActiveCfg = Release|Win32
		{2C860B36-4C57-4FFB-896E-DA151F124F2B}.Release|Win32.Build.0 = Release|Win32
		{2C860B36-4C57-4FFB-896E-DA151F124F2B}.Release|x64.ActiveCfg = Release|x64
		{2C860B36-4C57-4FFB-896E-DA151F124F2B}.Release|x64.Build.0 = Release|x64
		{284B1696-BB8E-4BA8-8A86-F906AE939003}.Debug|Win32.ActiveCfg = Debug|Win32
		{284B1696-BB8E-4BA8-8A86-F906AE939003}.Debug|Win32.Build.0 = Debug|Win32
		{284B1696-BB8E-4BA8-8A86-F906AE939003}.Debug|x64.ActiveCfg = Debug|x64
		{284B1696-BB8E-4BA8-8A86-F906AE939003}.Debug|x64.Build.0 = Debug|x64
		{284B1696-BB8E-4BA8-8A86-F906AE939003}.Release|Win32.ActiveCfg = Release|Win32
		{284B1696-BB8E-4BA8-8A86-F906AE939003}.Release|Win32.Build.0 = Release|Win32
		{284B1696-BB8E-4BA8-8A86-F906AE939003}.Release|x64.ActiveCfg = Release|x64
		{284B1696-BB8E-4BA8-8A86-F906AE939003}.Release|x64.Build.0 = Release|x64
		{0BF2DD24-5AB4-4483-9D10-DF9BCCEE2392}.Debug|Win32.ActiveCfg = Debug|Win32
		{0BF2DD24-5AB4-4483-9D10-DF9BCCEE2392}.Debug|Win32.Build.0 = Debug|Win32
		{0BF2DD24-5AB4-4483-9D10-DF9BCCEE2392}.Debug|x64.ActiveCfg = Debug|x64
		{0BF2DD24-5AB4-4483-9D10-DF9BCCEE2392}.Debug|x64.Build.0 = Debug|x64
		{0BF2DD24-5AB4-4483-9D10-DF9BCCEE2392}.Release|Win32.ActiveCfg = Release|Win32
		{0BF2DD24-5AB4-4483-9D10-DF9BCCEE2392}.Release|Win32.Build.0 = Release|Win32
		{0BF2DD24-5AB4-4483-9D10-DF9BCCEE2392}.Release|x64.ActiveCfg = Release|x64
		{0BF2DD24-5AB4-4483-9D10-DF9BCCEE2392}.Release|x64.Build.0 = Release|x64
		{03456684-151D-49B2-BA66-037255A57811}.Debug|Win32.ActiveCfg = Debug|Win32
		{03456684-151D-49B2-BA66-037255A57811}.Debug|Win32.Build.0 = Debug|Win32
		{03456684-151D-49B2-BA66-037255A57811}.Debug|x64.ActiveCfg = Debug|x64
		{03456684-151D-49B2-BA66-037255A57811}.Debug|x64.Build.0 = Debug|x64
		{03456684-151D-49B2-BA66-037255A57811}.Release|Win32.ActiveCfg = Release|Win32
		{03456684-151D-49B2-BA66-037255A57811}.Release|Win32.Build.0 = Release|Win32
		{03456684-151D-49B2-BA66-037255A57811}.Release|x64.ActiveCfg = Release|x64
		{03456684-151D-49B2-BA66-037255A57811}.Release|x64.Build.0 = Release|x64
		{185396D8-57BD-4DDF-8CD3-26035EA50DB9}.Debug|Win32.ActiveCfg = Debug|Win32
		{185396D8-57BD-4DDF-8CD3-26035EA50DB9}.Debug|Win32.Build.0 = Debug|Win32
		{185396D8-57BD-4DDF-8CD3-26035EA50DB9}.Debug|x64.ActiveCfg = Debug|x64
		{185396D8-57BD-4DDF-8CD3-26035EA50DB9}.Debug|x64.Build.0 = Debug|x64
		{185396D8-57BD-4DDF-8CD3-26035EA50DB9}.Release|Win32.ActiveCfg = Release|Win32
		{185396D8-57BD-4DDF-8CD3-26035EA50DB9}.Release|Win32.Build.0 = Release|Win32
		{185396D8-57BD-4DDF-8CD3-26035EA50DB9}.Release|x64.ActiveCfg = Release|x64
		{185396D8-57BD-4DDF-8CD3-26035EA50DB9}.Release|x64.Build.0 = Release|x64
		{DBFBE277-5B8D-4258-B522-13146FD1E722}.Debug|Win32.ActiveCfg = Debug|Win32
		{DBFBE277-5B8D-4258-B522-13146FD1E722}.Debug|Win32.Build.0 = Debug|Win32
		{DBFBE277-5B8D-4258-B522-13146FD1E722}.Debug|x64.ActiveCfg = Debug|x64
		{DBFBE277-5B8D-4258-B522-13146FD1E722}.Debug|x64.Build.0 = Debug|x64
		{DBFBE277-5B8D-4258-B522-13146FD1E722}.Release|Win32.ActiveCfg = Release|Win32
		{DBFBE277-5B8D-4258-B522-13146FD1E722}.Release|Win32.Build.0 = Release|Win32
		{DBFBE277-5B8D-4258-B522-13146FD1E722}.Release|x64.ActiveCfg = Release|x64
		{DBFBE277-5B8D-4258-B522-13146FD1E722}.Release|x64.Build.0 = Release|x64
		{4C34FFE0-A481-4C0D-AB55-96712FF5CEE3}.Debug|Win32.ActiveCfg = Debug|Win32
		{4C34FFE0-A481-4C0D-AB55-96712FF5CEE3}.Debug|Win32.Build.0 = Debug|Win32
		{4C34FFE0-A481-4C0D-AB55-96712FF5CEE3}.Debug|x64.ActiveCfg = Debug|x64
		{4C34FFE0-A481-4C0D-AB55-96712FF5CEE3}.Debug|x64.Build.0 = Debug|x64
		{4C34FFE0-A481-4C0D-AB55-96712FF5CEE3}.Release|Win32.ActiveCfg = Release|Win32
		{4C34FFE0-A481-4C0D-AB55-96712FF5CEE3}.Release|Win32.Build.0 = Release|Win32
		{4C34FFE0-A481-4C0D-AB55-96712FF5CEE3}.Release|x64.ActiveCfg = Release|x64
		{4C34FFE0-A481-4C0D-AB55-96712FF5CEE3}.Release|x64.Build.0 = Release|x64
		{4BBAC080-5E3C-46D6-93CC-6B1AD929822A}.Debug|Win32.ActiveCfg = Debug|Win32
		{4BBAC080-5E3C-46D6-93CC-6B1AD929822A}.Debug|Win32.Build.0 = Debug|Win32
		{4BBAC080-5E3C-46D6-93CC-6B1AD929822A}.Debug|x64.ActiveCfg = Debug|x64
		{4BBAC080-5E3C-46D6-93CC-6B1AD929822A}.Debug|x64.Build.0 = Debug|x64
		{4BBAC080-5E3C-46D6-93CC-6B1AD929822A}.Release|Win32.ActiveCfg = Release|Win32
		{4BBAC080-5E3C-46D6-93CC-6B1AD929822A}.Release|Win32.Build.0 = Release|Win32
		{4BBAC080-5E3C-46D6-93CC-6B1AD929822A}.Release|x64.ActiveCfg = Release|x64
		{4BBAC080-5E3C-46D6-93CC-6B1AD929822A}.Release|x64.Build.0 = Release|x64
	EndGlobalSection
	GlobalSection(SolutionProperties) = preSolution
		HideSolutionNode = FALSE
	EndGlobalSection
	GlobalSection(ExtensibilityGlobals) = postSolution
		SolutionGuid = {510B3A12-49DA-4413-A327-F6975E082B5A}
	EndGlobalSection
EndGlobal
